
Microsoft Visual Studio Solution File, Format Version 12.00
# Visual Studio 2012
Project("{FAE04EC0-301F-11D3-BF4B-00C04F79EFBC}") = "Single", "Single.csproj", "{BDE2BF4E-8BA6-453E-8E8A-C931F9B0D771}"
EndProject
Project("{FAE04EC0-301F-11D3-BF4B-00C04F79EFBC}") = "Test", "..\Test\Test.csproj", "{A7B5BDD9-A1F7-4378-8DB8-F045CDA0C92F}"
EndProject
Global
	GlobalSection(SolutionConfigurationPlatforms) = preSolution
		Debug|Any CPU = Debug|Any CPU
		Release|Any CPU = Release|Any CPU
	EndGlobalSection
	GlobalSection(ProjectConfigurationPlatforms) = postSolution
		{BDE2BF4E-8BA6-453E-8E8A-C931F9B0D771}.Debug|Any CPU.ActiveCfg = Debug|Any CPU
		{BDE2BF4E-8BA6-453E-8E8A-C931F9B0D771}.Debug|Any CPU.Build.0 = Debug|Any CPU
		{BDE2BF4E-8BA6-453E-8E8A-C931F9B0D771}.Release|Any CPU.ActiveCfg = Release|Any CPU
		{BDE2BF4E-8BA6-453E-8E8A-C931F9B0D771}.Release|Any CPU.Build.0 = Release|Any CPU
		{A7B5BDD9-A1F7-4378-8DB8-F045CDA0C92F}.Debug|Any CPU.ActiveCfg = Debug|Any CPU
		{A7B5BDD9-A1F7-4378-8DB8-F045CDA0C92F}.Debug|Any CPU.Build.0 = Debug|Any CPU
		{A7B5BDD9-A1F7-4378-8DB8-F045CDA0C92F}.Release|Any CPU.ActiveCfg = Release|Any CPU
		{A7B5BDD9-A1F7-4378-8DB8-F045CDA0C92F}.Release|Any CPU.Build.0 = Release|Any CPU
	EndGlobalSection
	GlobalSection(SolutionProperties) = preSolution
		HideSolutionNode = FALSE
	EndGlobalSection
EndGlobal
